
Microsoft Visual Studio Solution File, Format Version 12.00
# Visual Studio Version 17
VisualStudioVersion = 17.7.34221.43
MinimumVisualStudioVersion = 10.0.40219.1
Project("{8BC9CEB8-8B4A-11D0-8D11-00A0C91BC942}") = "lab5_5", "lab5_5.vcxproj", "{E701BA32-F0E7-4452-B704-BCFBFC5254B5}"
EndProject
Project("{8BC9CEB8-8B4A-11D0-8D11-00A0C91BC942}") = "UnitTest1", "UnitTest1\UnitTest1.vcxproj", "{D1E8548A-4C86-4BA9-935D-5F2C6C822AE0}"
EndProject
Global
	GlobalSection(SolutionConfigurationPlatforms) = preSolution
		Debug|x64 = Debug|x64
		Debug|x86 = Debug|x86
		Release|x64 = Release|x64
		Release|x86 = Release|x86
	EndGlobalSection
	GlobalSection(ProjectConfigurationPlatforms) = postSolution
		{E701BA32-F0E7-4452-B704-BCFBFC5254B5}.Debug|x64.ActiveCfg = Debug|x64
		{E701BA32-F0E7-4452-B704-BCFBFC5254B5}.Debug|x64.Build.0 = Debug|x64
		{E701BA32-F0E7-4452-B704-BCFBFC5254B5}.Debug|x86.ActiveCfg = Debug|Win32
		{E701BA32-F0E7-4452-B704-BCFBFC5254B5}.Debug|x86.Build.0 = Debug|Win32
		{E701BA32-F0E7-4452-B704-BCFBFC5254B5}.Release|x64.ActiveCfg = Release|x64
		{E701BA32-F0E7-4452-B704-BCFBFC5254B5}.Release|x64.Build.0 = Release|x64
		{E701BA32-F0E7-4452-B704-BCFBFC5254B5}.Release|x86.ActiveCfg = Release|Win32
		{E701BA32-F0E7-4452-B704-BCFBFC5254B5}.Release|x86.Build.0 = Release|Win32
		{D1E8548A-4C86-4BA9-935D-5F2C6C822AE0}.Debug|x64.ActiveCfg = Debug|x64
		{D1E8548A-4C86-4BA9-935D-5F2C6C822AE0}.Debug|x64.Build.0 = Debug|x64
		{D1E8548A-4C86-4BA9-935D-5F2C6C822AE0}.Debug|x86.ActiveCfg = Debug|Win32
		{D1E8548A-4C86-4BA9-935D-5F2C6C822AE0}.Debug|x86.Build.0 = Debug|Win32
		{D1E8548A-4C86-4BA9-935D-5F2C6C822AE0}.Release|x64.ActiveCfg = Release|x64
		{D1E8548A-4C86-4BA9-935D-5F2C6C822AE0}.Release|x64.Build.0 = Release|x64
		{D1E8548A-4C86-4BA9-935D-5F2C6C822AE0}.Release|x86.ActiveCfg = Release|Win32
		{D1E8548A-4C86-4BA9-935D-5F2C6C822AE0}.Release|x86.Build.0 = Release|Win32
	EndGlobalSection
	GlobalSection(SolutionProperties) = preSolution
		HideSolutionNode = FALSE
	EndGlobalSection
	GlobalSection(ExtensibilityGlobals) = postSolution
		SolutionGuid = {57DF3871-592F-4934-821C-99BCB6CCBFD9}
	EndGlobalSection
EndGlobal
